
Microsoft Visual Studio Solution File, Format Version 12.00
# Visual Studio Version 16
VisualStudioVersion = 16.0.29102.190
MinimumVisualStudioVersion = 10.0.40219.1
Project("{FAE04EC0-301F-11D3-BF4B-00C04F79EFBC}") = "FinCalendarCrawler", "FinCalendarCrawler\FinCalendarCrawler.csproj", "{35AFCD9B-E7F6-489C-B43F-0C8A8E3B7745}"
EndProject
Project("{FAE04EC0-301F-11D3-BF4B-00C04F79EFBC}") = "FinCalendarParser", "FinCalendarParser\FinCalendarParser.csproj", "{EF22C7E3-8315-49C7-9B35-460B102F97F5}"
EndProject
Global
	GlobalSection(SolutionConfigurationPlatforms) = preSolution
		Debug|Any CPU = Debug|Any CPU
		Release|Any CPU = Release|Any CPU
	EndGlobalSection
	GlobalSection(ProjectConfigurationPlatforms) = postSolution
		{35AFCD9B-E7F6-489C-B43F-0C8A8E3B7745}.Debug|Any CPU.ActiveCfg = Debug|Any CPU
		{35AFCD9B-E7F6-489C-B43F-0C8A8E3B7745}.Debug|Any CPU.Build.0 = Debug|Any CPU
		{35AFCD9B-E7F6-489C-B43F-0C8A8E3B7745}.Release|Any CPU.ActiveCfg = Release|Any CPU
		{35AFCD9B-E7F6-489C-B43F-0C8A8E3B7745}.Release|Any CPU.Build.0 = Release|Any CPU
		{EF22C7E3-8315-49C7-9B35-460B102F97F5}.Debug|Any CPU.ActiveCfg = Debug|Any CPU
		{EF22C7E3-8315-49C7-9B35-460B102F97F5}.Debug|Any CPU.Build.0 = Debug|Any CPU
		{EF22C7E3-8315-49C7-9B35-460B102F97F5}.Release|Any CPU.ActiveCfg = Release|Any CPU
		{EF22C7E3-8315-49C7-9B35-460B102F97F5}.Release|Any CPU.Build.0 = Release|Any CPU
	EndGlobalSection
	GlobalSection(SolutionProperties) = preSolution
		HideSolutionNode = FALSE
	EndGlobalSection
	GlobalSection(ExtensibilityGlobals) = postSolution
		SolutionGuid = {AF4CAE70-20F2-4C04-A4E4-A5FB9236EA54}
	EndGlobalSection
EndGlobal
